
Microsoft Visual Studio Solution File, Format Version 12.00
# Visual Studio 15
VisualStudioVersion = 15.0.28307.421
MinimumVisualStudioVersion = 10.0.40219.1
Project("{FAE04EC0-301F-11D3-BF4B-00C04F79EFBC}") = "CleanArchitectureSample1.Entities", "CleanArchitectureSample1.Entities\CleanArchitectureSample1.Entities.csproj", "{C9840D3B-7944-4B8A-B38C-06AD5A8CCF18}"
EndProject
Project("{FAE04EC0-301F-11D3-BF4B-00C04F79EFBC}") = "CleanArchitectureSample1.UseCases", "CleanArchitectureSample1.UseCases\CleanArchitectureSample1.UseCases.csproj", "{27D5DA52-8A45-435F-AC49-DED0DFE4E04C}"
EndProject
Global
	GlobalSection(SolutionConfigurationPlatforms) = preSolution
		Debug|Any CPU = Debug|Any CPU
		Release|Any CPU = Release|Any CPU
	EndGlobalSection
	GlobalSection(ProjectConfigurationPlatforms) = postSolution
		{C9840D3B-7944-4B8A-B38C-06AD5A8CCF18}.Debug|Any CPU.ActiveCfg = Debug|Any CPU
		{C9840D3B-7944-4B8A-B38C-06AD5A8CCF18}.Debug|Any CPU.Build.0 = Debug|Any CPU
		{C9840D3B-7944-4B8A-B38C-06AD5A8CCF18}.Release|Any CPU.ActiveCfg = Release|Any CPU
		{C9840D3B-7944-4B8A-B38C-06AD5A8CCF18}.Release|Any CPU.Build.0 = Release|Any CPU
		{27D5DA52-8A45-435F-AC49-DED0DFE4E04C}.Debug|Any CPU.ActiveCfg = Debug|Any CPU
		{27D5DA52-8A45-435F-AC49-DED0DFE4E04C}.Debug|Any CPU.Build.0 = Debug|Any CPU
		{27D5DA52-8A45-435F-AC49-DED0DFE4E04C}.Release|Any CPU.ActiveCfg = Release|Any CPU
		{27D5DA52-8A45-435F-AC49-DED0DFE4E04C}.Release|Any CPU.Build.0 = Release|Any CPU
	EndGlobalSection
	GlobalSection(SolutionProperties) = preSolution
		HideSolutionNode = FALSE
	EndGlobalSection
	GlobalSection(ExtensibilityGlobals) = postSolution
		SolutionGuid = {E7388DE6-0B16-4498-B43B-92754EFB5D3B}
	EndGlobalSection
EndGlobal
